// !$*UTF8*$!
{
	archiveVersion = 1;
	classes = {
	};
	objectVersion = 52;
	objects = {

/* Begin PBXBuildFile section */
		7A0F44F125B6622300FA32AB /* GRPC in Frameworks */ = {isa = PBXBuildFile; productRef = 7A0F44F025B6622300FA32AB /* GRPC */; };
		7A0F450725B6663300FA32AB /* HomeKitServiceProvider.swift in Sources */ = {isa = PBXBuildFile; fileRef = 7A0F450625B6663300FA32AB /* HomeKitServiceProvider.swift */; };
		7A0F451825B6678E00FA32AB /* hkserver.grpc.swift in Sources */ = {isa = PBXBuildFile; fileRef = 7A0F451625B6678E00FA32AB /* hkserver.grpc.swift */; };
		7A0F451925B6678E00FA32AB /* hkserver.pb.swift in Sources */ = {isa = PBXBuildFile; fileRef = 7A0F451725B6678E00FA32AB /* hkserver.pb.swift */; };
		7A0F451E25B66B2300FA32AB /* HomeController.swift in Sources */ = {isa = PBXBuildFile; fileRef = 7A0F451D25B66B2300FA32AB /* HomeController.swift */; };
		7A0F452925B66EB700FA32AB /* HKServer.swift in Sources */ = {isa = PBXBuildFile; fileRef = 7A0F452825B66EB700FA32AB /* HKServer.swift */; };
		7AAACD9625B4494A00551455 /* HKServerCommand.swift in Sources */ = {isa = PBXBuildFile; fileRef = 7AAACD9525B4494A00551455 /* HKServerCommand.swift */; };
		7AAACD9825B4494A00551455 /* ContentView.swift in Sources */ = {isa = PBXBuildFile; fileRef = 7AAACD9725B4494A00551455 /* ContentView.swift */; };
		7AAACD9A25B4494B00551455 /* Assets.xcassets in Resources */ = {isa = PBXBuildFile; fileRef = 7AAACD9925B4494B00551455 /* Assets.xcassets */; };
		7AAACD9D25B4494B00551455 /* Preview Assets.xcassets in Resources */ = {isa = PBXBuildFile; fileRef = 7AAACD9C25B4494B00551455 /* Preview Assets.xcassets */; };
		7AAACDA825B4494B00551455 /* hkserverTests.swift in Sources */ = {isa = PBXBuildFile; fileRef = 7AAACDA725B4494B00551455 /* hkserverTests.swift */; };
		7AAACDB325B4494B00551455 /* hkserverUITests.swift in Sources */ = {isa = PBXBuildFile; fileRef = 7AAACDB225B4494B00551455 /* hkserverUITests.swift */; };
		7AAACDC925B449E800551455 /* HomeKit.framework in Frameworks */ = {isa = PBXBuildFile; fileRef = 7AAACDC825B449E800551455 /* HomeKit.framework */; };
		7ACFB1E225B655F1006F2FBA /* ArgumentParser in Frameworks */ = {isa = PBXBuildFile; productRef = 7ACFB1E125B655F1006F2FBA /* ArgumentParser */; };
/* End PBXBuildFile section */

/* Begin PBXContainerItemProxy section */
		7AAACDA425B4494B00551455 /* PBXContainerItemProxy */ = {
			isa = PBXContainerItemProxy;
			containerPortal = 7AAACD8A25B4494A00551455 /* Project object */;
			proxyType = 1;
			remoteGlobalIDString = 7AAACD9125B4494A00551455;
			remoteInfo = hkserver;
		};
		7AAACDAF25B4494B00551455 /* PBXContainerItemProxy */ = {
			isa = PBXContainerItemProxy;
			containerPortal = 7AAACD8A25B4494A00551455 /* Project object */;
			proxyType = 1;
			remoteGlobalIDString = 7AAACD9125B4494A00551455;
			remoteInfo = hkserver;
		};
/* End PBXContainerItemProxy section */

/* Begin PBXFileReference section */
		7A0F450625B6663300FA32AB /* HomeKitServiceProvider.swift */ = {isa = PBXFileReference; lastKnownFileType = sourcecode.swift; name = HomeKitServiceProvider.swift; path = HKServer/HomeKitServiceProvider.swift; sourceTree = SOURCE_ROOT; };
		7A0F451625B6678E00FA32AB /* hkserver.grpc.swift */ = {isa = PBXFileReference; fileEncoding = 4; lastKnownFileType = sourcecode.swift; name = hkserver.grpc.swift; path = HKServer/hkserver.grpc.swift; sourceTree = SOURCE_ROOT; };
		7A0F451725B6678E00FA32AB /* hkserver.pb.swift */ = {isa = PBXFileReference; fileEncoding = 4; lastKnownFileType = sourcecode.swift; name = hkserver.pb.swift; path = HKServer/hkserver.pb.swift; sourceTree = SOURCE_ROOT; };
		7A0F451D25B66B2300FA32AB /* HomeController.swift */ = {isa = PBXFileReference; lastKnownFileType = sourcecode.swift; name = HomeController.swift; path = HKServer/HomeController.swift; sourceTree = SOURCE_ROOT; };
		7A0F452825B66EB700FA32AB /* HKServer.swift */ = {isa = PBXFileReference; lastKnownFileType = sourcecode.swift; name = HKServer.swift; path = HKServer/HKServer.swift; sourceTree = SOURCE_ROOT; };
		7AAACD9225B4494A00551455 /* hkserver.app */ = {isa = PBXFileReference; explicitFileType = wrapper.application; includeInIndex = 0; path = hkserver.app; sourceTree = BUILT_PRODUCTS_DIR; };
		7AAACD9525B4494A00551455 /* HKServerCommand.swift */ = {isa = PBXFileReference; lastKnownFileType = sourcecode.swift; path = HKServerCommand.swift; sourceTree = "<group>"; };
		7AAACD9725B4494A00551455 /* ContentView.swift */ = {isa = PBXFileReference; lastKnownFileType = sourcecode.swift; path = ContentView.swift; sourceTree = "<group>"; };
		7AAACD9925B4494B00551455 /* Assets.xcassets */ = {isa = PBXFileReference; lastKnownFileType = folder.assetcatalog; path = Assets.xcassets; sourceTree = "<group>"; };
		7AAACD9C25B4494B00551455 /* Preview Assets.xcassets */ = {isa = PBXFileReference; lastKnownFileType = folder.assetcatalog; path = "Preview Assets.xcassets"; sourceTree = "<group>"; };
		7AAACD9E25B4494B00551455 /* Info.plist */ = {isa = PBXFileReference; lastKnownFileType = text.plist.xml; path = Info.plist; sourceTree = "<group>"; };
		7AAACDA325B4494B00551455 /* hkserverTests.xctest */ = {isa = PBXFileReference; explicitFileType = wrapper.cfbundle; includeInIndex = 0; path = hkserverTests.xctest; sourceTree = BUILT_PRODUCTS_DIR; };
		7AAACDA725B4494B00551455 /* hkserverTests.swift */ = {isa = PBXFileReference; lastKnownFileType = sourcecode.swift; path = hkserverTests.swift; sourceTree = "<group>"; };
		7AAACDA925B4494B00551455 /* Info.plist */ = {isa = PBXFileReference; lastKnownFileType = text.plist.xml; path = Info.plist; sourceTree = "<group>"; };
		7AAACDAE25B4494B00551455 /* hkserverUITests.xctest */ = {isa = PBXFileReference; explicitFileType = wrapper.cfbundle; includeInIndex = 0; path = hkserverUITests.xctest; sourceTree = BUILT_PRODUCTS_DIR; };
		7AAACDB225B4494B00551455 /* hkserverUITests.swift */ = {isa = PBXFileReference; lastKnownFileType = sourcecode.swift; path = hkserverUITests.swift; sourceTree = "<group>"; };
		7AAACDB425B4494B00551455 /* Info.plist */ = {isa = PBXFileReference; lastKnownFileType = text.plist.xml; path = Info.plist; sourceTree = "<group>"; };
		7AAACDC325B4498000551455 /* hkserver.entitlements */ = {isa = PBXFileReference; lastKnownFileType = text.plist.entitlements; path = hkserver.entitlements; sourceTree = "<group>"; };
		7AAACDC825B449E800551455 /* HomeKit.framework */ = {isa = PBXFileReference; lastKnownFileType = wrapper.framework; name = HomeKit.framework; path = System/Library/Frameworks/HomeKit.framework; sourceTree = SDKROOT; };
/* End PBXFileReference section */

/* Begin PBXFrameworksBuildPhase section */
		7AAACD8F25B4494A00551455 /* Frameworks */ = {
			isa = PBXFrameworksBuildPhase;
			buildActionMask = 2147483647;
			files = (
				7ACFB1E225B655F1006F2FBA /* ArgumentParser in Frameworks */,
				7A0F44F125B6622300FA32AB /* GRPC in Frameworks */,
				7AAACDC925B449E800551455 /* HomeKit.framework in Frameworks */,
			);
			runOnlyForDeploymentPostprocessing = 0;
		};
		7AAACDA025B4494B00551455 /* Frameworks */ = {
			isa = PBXFrameworksBuildPhase;
			buildActionMask = 2147483647;
			files = (
			);
			runOnlyForDeploymentPostprocessing = 0;
		};
		7AAACDAB25B4494B00551455 /* Frameworks */ = {
			isa = PBXFrameworksBuildPhase;
			buildActionMask = 2147483647;
			files = (
			);
			runOnlyForDeploymentPostprocessing = 0;
		};
/* End PBXFrameworksBuildPhase section */

/* Begin PBXGroup section */
		7AAACD8925B4494A00551455 = {
			isa = PBXGroup;
			children = (
				7AAACD9425B4494A00551455 /* hkserver */,
				7AAACDA625B4494B00551455 /* hkserverTests */,
				7AAACDB125B4494B00551455 /* hkserverUITests */,
				7AAACD9325B4494A00551455 /* Products */,
				7AAACDC725B449E800551455 /* Frameworks */,
			);
			sourceTree = "<group>";
		};
		7AAACD9325B4494A00551455 /* Products */ = {
			isa = PBXGroup;
			children = (
				7AAACD9225B4494A00551455 /* hkserver.app */,
				7AAACDA325B4494B00551455 /* hkserverTests.xctest */,
				7AAACDAE25B4494B00551455 /* hkserverUITests.xctest */,
			);
			name = Products;
			sourceTree = "<group>";
		};
		7AAACD9425B4494A00551455 /* hkserver */ = {
			isa = PBXGroup;
			children = (
				7A0F451625B6678E00FA32AB /* hkserver.grpc.swift */,
				7A0F451725B6678E00FA32AB /* hkserver.pb.swift */,
				7AAACDC325B4498000551455 /* hkserver.entitlements */,
				7AAACD9525B4494A00551455 /* HKServerCommand.swift */,
				7AAACD9725B4494A00551455 /* ContentView.swift */,
				7AAACD9925B4494B00551455 /* Assets.xcassets */,
				7AAACD9E25B4494B00551455 /* Info.plist */,
				7AAACD9B25B4494B00551455 /* Preview Content */,
				7A0F450625B6663300FA32AB /* HomeKitServiceProvider.swift */,
				7A0F451D25B66B2300FA32AB /* HomeController.swift */,
				7A0F452825B66EB700FA32AB /* HKServer.swift */,
			);
			path = hkserver;
			sourceTree = "<group>";
		};
		7AAACD9B25B4494B00551455 /* Preview Content */ = {
			isa = PBXGroup;
			children = (
				7AAACD9C25B4494B00551455 /* Preview Assets.xcassets */,
			);
			path = "Preview Content";
			sourceTree = "<group>";
		};
		7AAACDA625B4494B00551455 /* hkserverTests */ = {
			isa = PBXGroup;
			children = (
				7AAACDA725B4494B00551455 /* hkserverTests.swift */,
				7AAACDA925B4494B00551455 /* Info.plist */,
			);
			path = hkserverTests;
			sourceTree = "<group>";
		};
		7AAACDB125B4494B00551455 /* hkserverUITests */ = {
			isa = PBXGroup;
			children = (
				7AAACDB225B4494B00551455 /* hkserverUITests.swift */,
				7AAACDB425B4494B00551455 /* Info.plist */,
			);
			path = hkserverUITests;
			sourceTree = "<group>";
		};
		7AAACDC725B449E800551455 /* Frameworks */ = {
			isa = PBXGroup;
			children = (
				7AAACDC825B449E800551455 /* HomeKit.framework */,
			);
			name = Frameworks;
			sourceTree = "<group>";
		};
/* End PBXGroup section */

/* Begin PBXNativeTarget section */
		7AAACD9125B4494A00551455 /* hkserver */ = {
			isa = PBXNativeTarget;
			buildConfigurationList = 7AAACDB725B4494B00551455 /* Build configuration list for PBXNativeTarget "hkserver" */;
			buildPhases = (
				7AAACD8E25B4494A00551455 /* Sources */,
				7AAACD8F25B4494A00551455 /* Frameworks */,
				7AAACD9025B4494A00551455 /* Resources */,
			);
			buildRules = (
			);
			dependencies = (
			);
			name = hkserver;
			packageProductDependencies = (
				7ACFB1E125B655F1006F2FBA /* ArgumentParser */,
				7A0F44F025B6622300FA32AB /* GRPC */,
			);
			productName = hkserver;
			productReference = 7AAACD9225B4494A00551455 /* hkserver.app */;
			productType = "com.apple.product-type.application";
		};
		7AAACDA225B4494B00551455 /* hkserverTests */ = {
			isa = PBXNativeTarget;
			buildConfigurationList = 7AAACDBA25B4494B00551455 /* Build configuration list for PBXNativeTarget "hkserverTests" */;
			buildPhases = (
				7AAACD9F25B4494B00551455 /* Sources */,
				7AAACDA025B4494B00551455 /* Frameworks */,
				7AAACDA125B4494B00551455 /* Resources */,
			);
			buildRules = (
			);
			dependencies = (
				7AAACDA525B4494B00551455 /* PBXTargetDependency */,
			);
			name = hkserverTests;
			productName = hkserverTests;
			productReference = 7AAACDA325B4494B00551455 /* hkserverTests.xctest */;
			productType = "com.apple.product-type.bundle.unit-test";
		};
		7AAACDAD25B4494B00551455 /* hkserverUITests */ = {
			isa = PBXNativeTarget;
			buildConfigurationList = 7AAACDBD25B4494B00551455 /* Build configuration list for PBXNativeTarget "hkserverUITests" */;
			buildPhases = (
				7AAACDAA25B4494B00551455 /* Sources */,
				7AAACDAB25B4494B00551455 /* Frameworks */,
				7AAACDAC25B4494B00551455 /* Resources */,
			);
			buildRules = (
			);
			dependencies = (
				7AAACDB025B4494B00551455 /* PBXTargetDependency */,
			);
			name = hkserverUITests;
			productName = hkserverUITests;
			productReference = 7AAACDAE25B4494B00551455 /* hkserverUITests.xctest */;
			productType = "com.apple.product-type.bundle.ui-testing";
		};
/* End PBXNativeTarget section */

/* Begin PBXProject section */
		7AAACD8A25B4494A00551455 /* Project object */ = {
			isa = PBXProject;
			attributes = {
				LastSwiftUpdateCheck = 1220;
				LastUpgradeCheck = 1220;
				TargetAttributes = {
					7AAACD9125B4494A00551455 = {
						CreatedOnToolsVersion = 12.2;
					};
					7AAACDA225B4494B00551455 = {
						CreatedOnToolsVersion = 12.2;
						TestTargetID = 7AAACD9125B4494A00551455;
					};
					7AAACDAD25B4494B00551455 = {
						CreatedOnToolsVersion = 12.2;
						TestTargetID = 7AAACD9125B4494A00551455;
					};
				};
			};
			buildConfigurationList = 7AAACD8D25B4494A00551455 /* Build configuration list for PBXProject "hkserver" */;
			compatibilityVersion = "Xcode 9.3";
			developmentRegion = en;
			hasScannedForEncodings = 0;
			knownRegions = (
				en,
				Base,
			);
			mainGroup = 7AAACD8925B4494A00551455;
			packageReferences = (
				7ACFB1E025B655F1006F2FBA /* XCRemoteSwiftPackageReference "swift-argument-parser" */,
				7A0F44E125B65CDF00FA32AB /* XCRemoteSwiftPackageReference "grpc-swift" */,
			);
			productRefGroup = 7AAACD9325B4494A00551455 /* Products */;
			projectDirPath = "";
			projectRoot = "";
			targets = (
				7AAACD9125B4494A00551455 /* hkserver */,
				7AAACDA225B4494B00551455 /* hkserverTests */,
				7AAACDAD25B4494B00551455 /* hkserverUITests */,
			);
		};
/* End PBXProject section */

/* Begin PBXResourcesBuildPhase section */
		7AAACD9025B4494A00551455 /* Resources */ = {
			isa = PBXResourcesBuildPhase;
			buildActionMask = 2147483647;
			files = (
				7AAACD9D25B4494B00551455 /* Preview Assets.xcassets in Resources */,
				7AAACD9A25B4494B00551455 /* Assets.xcassets in Resources */,
			);
			runOnlyForDeploymentPostprocessing = 0;
		};
		7AAACDA125B4494B00551455 /* Resources */ = {
			isa = PBXResourcesBuildPhase;
			buildActionMask = 2147483647;
			files = (
			);
			runOnlyForDeploymentPostprocessing = 0;
		};
		7AAACDAC25B4494B00551455 /* Resources */ = {
			isa = PBXResourcesBuildPhase;
			buildActionMask = 2147483647;
			files = (
			);
			runOnlyForDeploymentPostprocessing = 0;
		};
/* End PBXResourcesBuildPhase section */

/* Begin PBXSourcesBuildPhase section */
		7AAACD8E25B4494A00551455 /* Sources */ = {
			isa = PBXSourcesBuildPhase;
			buildActionMask = 2147483647;
			files = (
				7A0F450725B6663300FA32AB /* HomeKitServiceProvider.swift in Sources */,
				7AAACD9825B4494A00551455 /* ContentView.swift in Sources */,
				7A0F451825B6678E00FA32AB /* hkserver.grpc.swift in Sources */,
				7AAACD9625B4494A00551455 /* HKServerCommand.swift in Sources */,
				7A0F451925B6678E00FA32AB /* hkserver.pb.swift in Sources */,
				7A0F451E25B66B2300FA32AB /* HomeController.swift in Sources */,
				7A0F452925B66EB700FA32AB /* HKServer.swift in Sources */,
			);
			runOnlyForDeploymentPostprocessing = 0;
		};
		7AAACD9F25B4494B00551455 /* Sources */ = {
			isa = PBXSourcesBuildPhase;
			buildActionMask = 2147483647;
			files = (
				7AAACDA825B4494B00551455 /* hkserverTests.swift in Sources */,
			);
			runOnlyForDeploymentPostprocessing = 0;
		};
		7AAACDAA25B4494B00551455 /* Sources */ = {
			isa = PBXSourcesBuildPhase;
			buildActionMask = 2147483647;
			files = (
				7AAACDB325B4494B00551455 /* hkserverUITests.swift in Sources */,
			);
			runOnlyForDeploymentPostprocessing = 0;
		};
/* End PBXSourcesBuildPhase section */

/* Begin PBXTargetDependency section */
		7AAACDA525B4494B00551455 /* PBXTargetDependency */ = {
			isa = PBXTargetDependency;
			target = 7AAACD9125B4494A00551455 /* hkserver */;
			targetProxy = 7AAACDA425B4494B00551455 /* PBXContainerItemProxy */;
		};
		7AAACDB025B4494B00551455 /* PBXTargetDependency */ = {
			isa = PBXTargetDependency;
			target = 7AAACD9125B4494A00551455 /* hkserver */;
			targetProxy = 7AAACDAF25B4494B00551455 /* PBXContainerItemProxy */;
		};
/* End PBXTargetDependency section */

/* Begin XCBuildConfiguration section */
		7AAACDB525B4494B00551455 /* Debug */ = {
			isa = XCBuildConfiguration;
			buildSettings = {
				ALWAYS_SEARCH_USER_PATHS = NO;
				CLANG_ANALYZER_NONNULL = YES;
				CLANG_ANALYZER_NUMBER_OBJECT_CONVERSION = YES_AGGRESSIVE;
				CLANG_CXX_LANGUAGE_STANDARD = "gnu++14";
				CLANG_CXX_LIBRARY = "libc++";
				CLANG_ENABLE_MODULES = YES;
				CLANG_ENABLE_OBJC_ARC = YES;
				CLANG_ENABLE_OBJC_WEAK = YES;
				CLANG_WARN_BLOCK_CAPTURE_AUTORELEASING = YES;
				CLANG_WARN_BOOL_CONVERSION = YES;
				CLANG_WARN_COMMA = YES;
				CLANG_WARN_CONSTANT_CONVERSION = YES;
				CLANG_WARN_DEPRECATED_OBJC_IMPLEMENTATIONS = YES;
				CLANG_WARN_DIRECT_OBJC_ISA_USAGE = YES_ERROR;
				CLANG_WARN_DOCUMENTATION_COMMENTS = YES;
				CLANG_WARN_EMPTY_BODY = YES;
				CLANG_WARN_ENUM_CONVERSION = YES;
				CLANG_WARN_INFINITE_RECURSION = YES;
				CLANG_WARN_INT_CONVERSION = YES;
				CLANG_WARN_NON_LITERAL_NULL_CONVERSION = YES;
				CLANG_WARN_OBJC_IMPLICIT_RETAIN_SELF = YES;
				CLANG_WARN_OBJC_LITERAL_CONVERSION = YES;
				CLANG_WARN_OBJC_ROOT_CLASS = YES_ERROR;
				CLANG_WARN_QUOTED_INCLUDE_IN_FRAMEWORK_HEADER = YES;
				CLANG_WARN_RANGE_LOOP_ANALYSIS = YES;
				CLANG_WARN_STRICT_PROTOTYPES = YES;
				CLANG_WARN_SUSPICIOUS_MOVE = YES;
				CLANG_WARN_UNGUARDED_AVAILABILITY = YES_AGGRESSIVE;
				CLANG_WARN_UNREACHABLE_CODE = YES;
				CLANG_WARN__DUPLICATE_METHOD_MATCH = YES;
				COPY_PHASE_STRIP = NO;
				DEBUG_INFORMATION_FORMAT = dwarf;
				ENABLE_STRICT_OBJC_MSGSEND = YES;
				ENABLE_TESTABILITY = YES;
				GCC_C_LANGUAGE_STANDARD = gnu11;
				GCC_DYNAMIC_NO_PIC = NO;
				GCC_NO_COMMON_BLOCKS = YES;
				GCC_OPTIMIZATION_LEVEL = 0;
				GCC_PREPROCESSOR_DEFINITIONS = (
					"DEBUG=1",
					"$(inherited)",
				);
				GCC_WARN_64_TO_32_BIT_CONVERSION = YES;
				GCC_WARN_ABOUT_RETURN_TYPE = YES_ERROR;
				GCC_WARN_UNDECLARED_SELECTOR = YES;
				GCC_WARN_UNINITIALIZED_AUTOS = YES_AGGRESSIVE;
				GCC_WARN_UNUSED_FUNCTION = YES;
				GCC_WARN_UNUSED_VARIABLE = YES;
				IPHONEOS_DEPLOYMENT_TARGET = 14.2;
				MTL_ENABLE_DEBUG_INFO = INCLUDE_SOURCE;
				MTL_FAST_MATH = YES;
				ONLY_ACTIVE_ARCH = YES;
				SDKROOT = iphoneos;
				SWIFT_ACTIVE_COMPILATION_CONDITIONS = DEBUG;
				SWIFT_OPTIMIZATION_LEVEL = "-Onone";
			};
			name = Debug;
		};
		7AAACDB625B4494B00551455 /* Release */ = {
			isa = XCBuildConfiguration;
			buildSettings = {
				ALWAYS_SEARCH_USER_PATHS = NO;
				CLANG_ANALYZER_NONNULL = YES;
				CLANG_ANALYZER_NUMBER_OBJECT_CONVERSION = YES_AGGRESSIVE;
				CLANG_CXX_LANGUAGE_STANDARD = "gnu++14";
				CLANG_CXX_LIBRARY = "libc++";
				CLANG_ENABLE_MODULES = YES;
				CLANG_ENABLE_OBJC_ARC = YES;
				CLANG_ENABLE_OBJC_WEAK = YES;
				CLANG_WARN_BLOCK_CAPTURE_AUTORELEASING = YES;
				CLANG_WARN_BOOL_CONVERSION = YES;
				CLANG_WARN_COMMA = YES;
				CLANG_WARN_CONSTANT_CONVERSION = YES;
				CLANG_WARN_DEPRECATED_OBJC_IMPLEMENTATIONS = YES;
				CLANG_WARN_DIRECT_OBJC_ISA_USAGE = YES_ERROR;
				CLANG_WARN_DOCUMENTATION_COMMENTS = YES;
				CLANG_WARN_EMPTY_BODY = YES;
				CLANG_WARN_ENUM_CONVERSION = YES;
				CLANG_WARN_INFINITE_RECURSION = YES;
				CLANG_WARN_INT_CONVERSION = YES;
				CLANG_WARN_NON_LITERAL_NULL_CONVERSION = YES;
				CLANG_WARN_OBJC_IMPLICIT_RETAIN_SELF = YES;
				CLANG_WARN_OBJC_LITERAL_CONVERSION = YES;
				CLANG_WARN_OBJC_ROOT_CLASS = YES_ERROR;
				CLANG_WARN_QUOTED_INCLUDE_IN_FRAMEWORK_HEADER = YES;
				CLANG_WARN_RANGE_LOOP_ANALYSIS = YES;
				CLANG_WARN_STRICT_PROTOTYPES = YES;
				CLANG_WARN_SUSPICIOUS_MOVE = YES;
				CLANG_WARN_UNGUARDED_AVAILABILITY = YES_AGGRESSIVE;
				CLANG_WARN_UNREACHABLE_CODE = YES;
				CLANG_WARN__DUPLICATE_METHOD_MATCH = YES;
				COPY_PHASE_STRIP = NO;
				DEBUG_INFORMATION_FORMAT = "dwarf-with-dsym";
				ENABLE_NS_ASSERTIONS = NO;
				ENABLE_STRICT_OBJC_MSGSEND = YES;
				GCC_C_LANGUAGE_STANDARD = gnu11;
				GCC_NO_COMMON_BLOCKS = YES;
				GCC_WARN_64_TO_32_BIT_CONVERSION = YES;
				GCC_WARN_ABOUT_RETURN_TYPE = YES_ERROR;
				GCC_WARN_UNDECLARED_SELECTOR = YES;
				GCC_WARN_UNINITIALIZED_AUTOS = YES_AGGRESSIVE;
				GCC_WARN_UNUSED_FUNCTION = YES;
				GCC_WARN_UNUSED_VARIABLE = YES;
				IPHONEOS_DEPLOYMENT_TARGET = 14.2;
				MTL_ENABLE_DEBUG_INFO = NO;
				MTL_FAST_MATH = YES;
				SDKROOT = iphoneos;
				SWIFT_COMPILATION_MODE = wholemodule;
				SWIFT_OPTIMIZATION_LEVEL = "-O";
				VALIDATE_PRODUCT = YES;
			};
			name = Release;
		};
		7AAACDB825B4494B00551455 /* Debug */ = {
			isa = XCBuildConfiguration;
			buildSettings = {
				ASSETCATALOG_COMPILER_APPICON_NAME = AppIcon;
				ASSETCATALOG_COMPILER_GLOBAL_ACCENT_COLOR_NAME = AccentColor;
				CODE_SIGN_ENTITLEMENTS = hkserver/hkserver.entitlements;
				CODE_SIGN_STYLE = Automatic;
				DEVELOPMENT_ASSET_PATHS = "\"hkserver/Preview Content\"";
				DEVELOPMENT_TEAM = ZCCU5929AV;
				ENABLE_PREVIEWS = YES;
				INFOPLIST_FILE = hkserver/Info.plist;
				IPHONEOS_DEPLOYMENT_TARGET = 14.0;
				LD_RUNPATH_SEARCH_PATHS = (
					"$(inherited)",
					"@executable_path/Frameworks",
				);
				PRODUCT_BUNDLE_IDENTIFIER = io.github.visigoth.hkrpc.hkserver;
				PRODUCT_NAME = "$(TARGET_NAME)";
				SUPPORTS_MACCATALYST = YES;
				SWIFT_VERSION = 5.0;
				TARGETED_DEVICE_FAMILY = "1,2";
			};
			name = Debug;
		};
		7AAACDB925B4494B00551455 /* Release */ = {
			isa = XCBuildConfiguration;
			buildSettings = {
				ASSETCATALOG_COMPILER_APPICON_NAME = AppIcon;
				ASSETCATALOG_COMPILER_GLOBAL_ACCENT_COLOR_NAME = AccentColor;
				CODE_SIGN_ENTITLEMENTS = hkserver/hkserver.entitlements;
				CODE_SIGN_STYLE = Automatic;
				DEVELOPMENT_ASSET_PATHS = "\"hkserver/Preview Content\"";
				DEVELOPMENT_TEAM = ZCCU5929AV;
				ENABLE_PREVIEWS = YES;
				INFOPLIST_FILE = hkserver/Info.plist;
				IPHONEOS_DEPLOYMENT_TARGET = 14.0;
				LD_RUNPATH_SEARCH_PATHS = (
					"$(inherited)",
					"@executable_path/Frameworks",
				);
				PRODUCT_BUNDLE_IDENTIFIER = io.github.visigoth.hkrpc.hkserver;
				PRODUCT_NAME = "$(TARGET_NAME)";
				SUPPORTS_MACCATALYST = YES;
				SWIFT_VERSION = 5.0;
				TARGETED_DEVICE_FAMILY = "1,2";
			};
			name = Release;
		};
		7AAACDBB25B4494B00551455 /* Debug */ = {
			isa = XCBuildConfiguration;
			buildSettings = {
				ALWAYS_EMBED_SWIFT_STANDARD_LIBRARIES = YES;
				BUNDLE_LOADER = "$(TEST_HOST)";
				CODE_SIGN_STYLE = Automatic;
				DEVELOPMENT_TEAM = ZCCU5929AV;
				INFOPLIST_FILE = hkserverTests/Info.plist;
				IPHONEOS_DEPLOYMENT_TARGET = 14.0;
				LD_RUNPATH_SEARCH_PATHS = (
					"$(inherited)",
					"@executable_path/Frameworks",
					"@loader_path/Frameworks",
				);
				PRODUCT_BUNDLE_IDENTIFIER = io.github.visigoth.hkrpc.hkserverTests;
				PRODUCT_NAME = "$(TARGET_NAME)";
				SWIFT_VERSION = 5.0;
				TARGETED_DEVICE_FAMILY = "1,2";
				TEST_HOST = "$(BUILT_PRODUCTS_DIR)/hkserver.app/hkserver";
			};
			name = Debug;
		};
		7AAACDBC25B4494B00551455 /* Release */ = {
			isa = XCBuildConfiguration;
			buildSettings = {
				ALWAYS_EMBED_SWIFT_STANDARD_LIBRARIES = YES;
				BUNDLE_LOADER = "$(TEST_HOST)";
				CODE_SIGN_STYLE = Automatic;
				DEVELOPMENT_TEAM = ZCCU5929AV;
				INFOPLIST_FILE = hkserverTests/Info.plist;
				IPHONEOS_DEPLOYMENT_TARGET = 14.0;
				LD_RUNPATH_SEARCH_PATHS = (
					"$(inherited)",
					"@executable_path/Frameworks",
					"@loader_path/Frameworks",
				);
				PRODUCT_BUNDLE_IDENTIFIER = io.github.visigoth.hkrpc.hkserverTests;
				PRODUCT_NAME = "$(TARGET_NAME)";
				SWIFT_VERSION = 5.0;
				TARGETED_DEVICE_FAMILY = "1,2";
				TEST_HOST = "$(BUILT_PRODUCTS_DIR)/hkserver.app/hkserver";
			};
			name = Release;
		};
		7AAACDBE25B4494B00551455 /* Debug */ = {
			isa = XCBuildConfiguration;
			buildSettings = {
				ALWAYS_EMBED_SWIFT_STANDARD_LIBRARIES = YES;
				CODE_SIGN_STYLE = Automatic;
				DEVELOPMENT_TEAM = ZCCU5929AV;
				INFOPLIST_FILE = hkserverUITests/Info.plist;
				LD_RUNPATH_SEARCH_PATHS = (
					"$(inherited)",
					"@executable_path/Frameworks",
					"@loader_path/Frameworks",
				);
				PRODUCT_BUNDLE_IDENTIFIER = io.github.visigoth.hkrpc.hkserverUITests;
				PRODUCT_NAME = "$(TARGET_NAME)";
				SWIFT_VERSION = 5.0;
				TARGETED_DEVICE_FAMILY = "1,2";
				TEST_TARGET_NAME = hkserver;
			};
			name = Debug;
		};
		7AAACDBF25B4494B00551455 /* Release */ = {
			isa = XCBuildConfiguration;
			buildSettings = {
				ALWAYS_EMBED_SWIFT_STANDARD_LIBRARIES = YES;
				CODE_SIGN_STYLE = Automatic;
				DEVELOPMENT_TEAM = ZCCU5929AV;
				INFOPLIST_FILE = hkserverUITests/Info.plist;
				LD_RUNPATH_SEARCH_PATHS = (
					"$(inherited)",
					"@executable_path/Frameworks",
					"@loader_path/Frameworks",
				);
				PRODUCT_BUNDLE_IDENTIFIER = io.github.visigoth.hkrpc.hkserverUITests;
				PRODUCT_NAME = "$(TARGET_NAME)";
				SWIFT_VERSION = 5.0;
				TARGETED_DEVICE_FAMILY = "1,2";
				TEST_TARGET_NAME = hkserver;
			};
			name = Release;
		};
/* End XCBuildConfiguration section */

/* Begin XCConfigurationList section */
		7AAACD8D25B4494A00551455 /* Build configuration list for PBXProject "hkserver" */ = {
			isa = XCConfigurationList;
			buildConfigurations = (
				7AAACDB525B4494B00551455 /* Debug */,
				7AAACDB625B4494B00551455 /* Release */,
			);
			defaultConfigurationIsVisible = 0;
			defaultConfigurationName = Release;
		};
		7AAACDB725B4494B00551455 /* Build configuration list for PBXNativeTarget "hkserver" */ = {
			isa = XCConfigurationList;
			buildConfigurations = (
				7AAACDB825B4494B00551455 /* Debug */,
				7AAACDB925B4494B00551455 /* Release */,
			);
			defaultConfigurationIsVisible = 0;
			defaultConfigurationName = Release;
		};
		7AAACDBA25B4494B00551455 /* Build configuration list for PBXNativeTarget "hkserverTests" */ = {
			isa = XCConfigurationList;
			buildConfigurations = (
				7AAACDBB25B4494B00551455 /* Debug */,
				7AAACDBC25B4494B00551455 /* Release */,
			);
			defaultConfigurationIsVisible = 0;
			defaultConfigurationName = Release;
		};
		7AAACDBD25B4494B00551455 /* Build configuration list for PBXNativeTarget "hkserverUITests" */ = {
			isa = XCConfigurationList;
			buildConfigurations = (
				7AAACDBE25B4494B00551455 /* Debug */,
				7AAACDBF25B4494B00551455 /* Release */,
			);
			defaultConfigurationIsVisible = 0;
			defaultConfigurationName = Release;
		};
/* End XCConfigurationList section */

/* Begin XCRemoteSwiftPackageReference section */
		7A0F44E125B65CDF00FA32AB /* XCRemoteSwiftPackageReference "grpc-swift" */ = {
			isa = XCRemoteSwiftPackageReference;
			repositoryURL = "https://github.com/grpc/grpc-swift";
			requirement = {
				kind = revision;
				revision = ea9c7c5ce7ecf07a3a2a3be6100c5102676e74bb;
			};
		};
		7ACFB1E025B655F1006F2FBA /* XCRemoteSwiftPackageReference "swift-argument-parser" */ = {
			isa = XCRemoteSwiftPackageReference;
			repositoryURL = "https://github.com/apple/swift-argument-parser";
			requirement = {
				kind = upToNextMajorVersion;
				minimumVersion = 0.3.2;
			};
		};
/* End XCRemoteSwiftPackageReference section */

/* Begin XCSwiftPackageProductDependency section */
		7A0F44F025B6622300FA32AB /* GRPC */ = {
			isa = XCSwiftPackageProductDependency;
			package = 7A0F44E125B65CDF00FA32AB /* XCRemoteSwiftPackageReference "grpc-swift" */;
			productName = GRPC;
		};
		7ACFB1E125B655F1006F2FBA /* ArgumentParser */ = {
			isa = XCSwiftPackageProductDependency;
			package = 7ACFB1E025B655F1006F2FBA /* XCRemoteSwiftPackageReference "swift-argument-parser" */;
			productName = ArgumentParser;
		};
/* End XCSwiftPackageProductDependency section */
	};
	rootObject = 7AAACD8A25B4494A00551455 /* Project object */;
}
